
Microsoft Visual Studio Solution File, Format Version 12.00
# Visual Studio Version 17
VisualStudioVersion = 17.9.34607.119
MinimumVisualStudioVersion = 10.0.40219.1
Project("{FAE04EC0-301F-11D3-BF4B-00C04F79EFBC}") = "DZSDA_3_03_24", "DZSDA_3_03_24\DZSDA_3_03_24.csproj", "{F343F1C0-2411-4A53-B0BA-74E9E9828030}"
EndProject
Global
	GlobalSection(SolutionConfigurationPlatforms) = preSolution
		Debug|Any CPU = Debug|Any CPU
		Release|Any CPU = Release|Any CPU
	EndGlobalSection
	GlobalSection(ProjectConfigurationPlatforms) = postSolution
		{F343F1C0-2411-4A53-B0BA-74E9E9828030}.Debug|Any CPU.ActiveCfg = Debug|Any CPU
		{F343F1C0-2411-4A53-B0BA-74E9E9828030}.Debug|Any CPU.Build.0 = Debug|Any CPU
		{F343F1C0-2411-4A53-B0BA-74E9E9828030}.Release|Any CPU.ActiveCfg = Release|Any CPU
		{F343F1C0-2411-4A53-B0BA-74E9E9828030}.Release|Any CPU.Build.0 = Release|Any CPU
	EndGlobalSection
	GlobalSection(SolutionProperties) = preSolution
		HideSolutionNode = FALSE
	EndGlobalSection
	GlobalSection(ExtensibilityGlobals) = postSolution
		SolutionGuid = {4C72E6D7-0F30-4437-A3BD-A15ECE7B393D}
	EndGlobalSection
EndGlobal
